// !$*UTF8*$!
{
	archiveVersion = 1;
	classes = {
	};
	objectVersion = 46;
	objects = {

/* Begin PBXBuildFile section */
		94FE83261BC2C3C700451E0C /* AppDelegate.swift in Sources */ = {isa = PBXBuildFile; fileRef = 94FE83251BC2C3C700451E0C /* AppDelegate.swift */; };
		94FE83281BC2C3C700451E0C /* ViewController.swift in Sources */ = {isa = PBXBuildFile; fileRef = 94FE83271BC2C3C700451E0C /* ViewController.swift */; };
		94FE832B1BC2C3C700451E0C /* Main.storyboard in Resources */ = {isa = PBXBuildFile; fileRef = 94FE83291BC2C3C700451E0C /* Main.storyboard */; };
		94FE832D1BC2C3C700451E0C /* Assets.xcassets in Resources */ = {isa = PBXBuildFile; fileRef = 94FE832C1BC2C3C700451E0C /* Assets.xcassets */; };
		94FE83301BC2C3C700451E0C /* LaunchScreen.storyboard in Resources */ = {isa = PBXBuildFile; fileRef = 94FE832E1BC2C3C700451E0C /* LaunchScreen.storyboard */; };
		94FE833B1BC2C3C700451E0C /* ImageSelectTests.swift in Sources */ = {isa = PBXBuildFile; fileRef = 94FE833A1BC2C3C700451E0C /* ImageSelectTests.swift */; };
		94FE83461BC2C3C700451E0C /* ImageSelectUITests.swift in Sources */ = {isa = PBXBuildFile; fileRef = 94FE83451BC2C3C700451E0C /* ImageSelectUITests.swift */; };
		94FE83541BC2C87400451E0C /* ViewPhoto.swift in Sources */ = {isa = PBXBuildFile; fileRef = 94FE83531BC2C87400451E0C /* ViewPhoto.swift */; settings = {ASSET_TAGS = (); }; };
/* End PBXBuildFile section */

/* Begin PBXContainerItemProxy section */
		94FE83371BC2C3C700451E0C /* PBXContainerItemProxy */ = {
			isa = PBXContainerItemProxy;
			containerPortal = 94FE831A1BC2C3C700451E0C /* Project object */;
			proxyType = 1;
			remoteGlobalIDString = 94FE83211BC2C3C700451E0C;
			remoteInfo = ImageSelect;
		};
		94FE83421BC2C3C700451E0C /* PBXContainerItemProxy */ = {
			isa = PBXContainerItemProxy;
			containerPortal = 94FE831A1BC2C3C700451E0C /* Project object */;
			proxyType = 1;
			remoteGlobalIDString = 94FE83211BC2C3C700451E0C;
			remoteInfo = ImageSelect;
		};
/* End PBXContainerItemProxy section */

/* Begin PBXFileReference section */
		94FE83221BC2C3C700451E0C /* ImageSelect.app */ = {isa = PBXFileReference; explicitFileType = wrapper.application; includeInIndex = 0; path = ImageSelect.app; sourceTree = BUILT_PRODUCTS_DIR; };
		94FE83251BC2C3C700451E0C /* AppDelegate.swift */ = {isa = PBXFileReference; lastKnownFileType = sourcecode.swift; path = AppDelegate.swift; sourceTree = "<group>"; };
		94FE83271BC2C3C700451E0C /* ViewController.swift */ = {isa = PBXFileReference; lastKnownFileType = sourcecode.swift; path = ViewController.swift; sourceTree = "<group>"; };
		94FE832A1BC2C3C700451E0C /* Base */ = {isa = PBXFileReference; lastKnownFileType = file.storyboard; name = Base; path = Base.lproj/Main.storyboard; sourceTree = "<group>"; };
		94FE832C1BC2C3C700451E0C /* Assets.xcassets */ = {isa = PBXFileReference; lastKnownFileType = folder.assetcatalog; path = Assets.xcassets; sourceTree = "<group>"; };
		94FE832F1BC2C3C700451E0C /* Base */ = {isa = PBXFileReference; lastKnownFileType = file.storyboard; name = Base; path = Base.lproj/LaunchScreen.storyboard; sourceTree = "<group>"; };
		94FE83311BC2C3C700451E0C /* Info.plist */ = {isa = PBXFileReference; lastKnownFileType = text.plist.xml; path = Info.plist; sourceTree = "<group>"; };
		94FE83361BC2C3C700451E0C /* ImageSelectTests.xctest */ = {isa = PBXFileReference; explicitFileType = wrapper.cfbundle; includeInIndex = 0; path = ImageSelectTests.xctest; sourceTree = BUILT_PRODUCTS_DIR; };
		94FE833A1BC2C3C700451E0C /* ImageSelectTests.swift */ = {isa = PBXFileReference; lastKnownFileType = sourcecode.swift; path = ImageSelectTests.swift; sourceTree = "<group>"; };
		94FE833C1BC2C3C700451E0C /* Info.plist */ = {isa = PBXFileReference; lastKnownFileType = text.plist.xml; path = Info.plist; sourceTree = "<group>"; };
		94FE83411BC2C3C700451E0C /* ImageSelectUITests.xctest */ = {isa = PBXFileReference; explicitFileType = wrapper.cfbundle; includeInIndex = 0; path = ImageSelectUITests.xctest; sourceTree = BUILT_PRODUCTS_DIR; };
		94FE83451BC2C3C700451E0C /* ImageSelectUITests.swift */ = {isa = PBXFileReference; lastKnownFileType = sourcecode.swift; path = ImageSelectUITests.swift; sourceTree = "<group>"; };
		94FE83471BC2C3C700451E0C /* Info.plist */ = {isa = PBXFileReference; lastKnownFileType = text.plist.xml; path = Info.plist; sourceTree = "<group>"; };
		94FE83531BC2C87400451E0C /* ViewPhoto.swift */ = {isa = PBXFileReference; fileEncoding = 4; lastKnownFileType = sourcecode.swift; path = ViewPhoto.swift; sourceTree = "<group>"; };
/* End PBXFileReference section */

/* Begin PBXFrameworksBuildPhase section */
		94FE831F1BC2C3C700451E0C /* Frameworks */ = {
			isa = PBXFrameworksBuildPhase;
			buildActionMask = 2147483647;
			files = (
			);
			runOnlyForDeploymentPostprocessing = 0;
		};
		94FE83331BC2C3C700451E0C /* Frameworks */ = {
			isa = PBXFrameworksBuildPhase;
			buildActionMask = 2147483647;
			files = (
			);
			runOnlyForDeploymentPostprocessing = 0;
		};
		94FE833E1BC2C3C700451E0C /* Frameworks */ = {
			isa = PBXFrameworksBuildPhase;
			buildActionMask = 2147483647;
			files = (
			);
			runOnlyForDeploymentPostprocessing = 0;
		};
/* End PBXFrameworksBuildPhase section */

/* Begin PBXGroup section */
		94FE83191BC2C3C700451E0C = {
			isa = PBXGroup;
			children = (
				94FE83241BC2C3C700451E0C /* ImageSelect */,
				94FE83391BC2C3C700451E0C /* ImageSelectTests */,
				94FE83441BC2C3C700451E0C /* ImageSelectUITests */,
				94FE83231BC2C3C700451E0C /* Products */,
			);
			sourceTree = "<group>";
		};
		94FE83231BC2C3C700451E0C /* Products */ = {
			isa = PBXGroup;
			children = (
				94FE83221BC2C3C700451E0C /* ImageSelect.app */,
				94FE83361BC2C3C700451E0C /* ImageSelectTests.xctest */,
				94FE83411BC2C3C700451E0C /* ImageSelectUITests.xctest */,
			);
			name = Products;
			sourceTree = "<group>";
		};
		94FE83241BC2C3C700451E0C /* ImageSelect */ = {
			isa = PBXGroup;
			children = (
				94FE83251BC2C3C700451E0C /* AppDelegate.swift */,
				94FE83271BC2C3C700451E0C /* ViewController.swift */,
				94FE83531BC2C87400451E0C /* ViewPhoto.swift */,
				94FE83291BC2C3C700451E0C /* Main.storyboard */,
				94FE832C1BC2C3C700451E0C /* Assets.xcassets */,
				94FE832E1BC2C3C700451E0C /* LaunchScreen.storyboard */,
				94FE83311BC2C3C700451E0C /* Info.plist */,
			);
			path = ImageSelect;
			sourceTree = "<group>";
		};
		94FE83391BC2C3C700451E0C /* ImageSelectTests */ = {
			isa = PBXGroup;
			children = (
				94FE833A1BC2C3C700451E0C /* ImageSelectTests.swift */,
				94FE833C1BC2C3C700451E0C /* Info.plist */,
			);
			path = ImageSelectTests;
			sourceTree = "<group>";
		};
		94FE83441BC2C3C700451E0C /* ImageSelectUITests */ = {
			isa = PBXGroup;
			children = (
				94FE83451BC2C3C700451E0C /* ImageSelectUITests.swift */,
				94FE83471BC2C3C700451E0C /* Info.plist */,
			);
			path = ImageSelectUITests;
			sourceTree = "<group>";
		};
/* End PBXGroup section */

/* Begin PBXNativeTarget section */
		94FE83211BC2C3C700451E0C /* ImageSelect */ = {
			isa = PBXNativeTarget;
			buildConfigurationList = 94FE834A1BC2C3C700451E0C /* Build configuration list for PBXNativeTarget "ImageSelect" */;
			buildPhases = (
				94FE831E1BC2C3C700451E0C /* Sources */,
				94FE831F1BC2C3C700451E0C /* Frameworks */,
				94FE83201BC2C3C700451E0C /* Resources */,
			);
			buildRules = (
			);
			dependencies = (
			);
			name = ImageSelect;
			productName = ImageSelect;
			productReference = 94FE83221BC2C3C700451E0C /* ImageSelect.app */;
			productType = "com.apple.product-type.application";
		};
		94FE83351BC2C3C700451E0C /* ImageSelectTests */ = {
			isa = PBXNativeTarget;
			buildConfigurationList = 94FE834D1BC2C3C700451E0C /* Build configuration list for PBXNativeTarget "ImageSelectTests" */;
			buildPhases = (
				94FE83321BC2C3C700451E0C /* Sources */,
				94FE83331BC2C3C700451E0C /* Frameworks */,
				94FE83341BC2C3C700451E0C /* Resources */,
			);
			buildRules = (
			);
			dependencies = (
				94FE83381BC2C3C700451E0C /* PBXTargetDependency */,
			);
			name = ImageSelectTests;
			productName = ImageSelectTests;
			productReference = 94FE83361BC2C3C700451E0C /* ImageSelectTests.xctest */;
			productType = "com.apple.product-type.bundle.unit-test";
		};
		94FE83401BC2C3C700451E0C /* ImageSelectUITests */ = {
			isa = PBXNativeTarget;
			buildConfigurationList = 94FE83501BC2C3C700451E0C /* Build configuration list for PBXNativeTarget "ImageSelectUITests" */;
			buildPhases = (
				94FE833D1BC2C3C700451E0C /* Sources */,
				94FE833E1BC2C3C700451E0C /* Frameworks */,
				94FE833F1BC2C3C700451E0C /* Resources */,
			);
			buildRules = (
			);
			dependencies = (
				94FE83431BC2C3C700451E0C /* PBXTargetDependency */,
			);
			name = ImageSelectUITests;
			productName = ImageSelectUITests;
			productReference = 94FE83411BC2C3C700451E0C /* ImageSelectUITests.xctest */;
			productType = "com.apple.product-type.bundle.ui-testing";
		};
/* End PBXNativeTarget section */

/* Begin PBXProject section */
		94FE831A1BC2C3C700451E0C /* Project object */ = {
			isa = PBXProject;
			attributes = {
				LastUpgradeCheck = 0700;
				ORGANIZATIONNAME = ryan;
				TargetAttributes = {
					94FE83211BC2C3C700451E0C = {
						CreatedOnToolsVersion = 7.0.1;
					};
					94FE83351BC2C3C700451E0C = {
						CreatedOnToolsVersion = 7.0.1;
						TestTargetID = 94FE83211BC2C3C700451E0C;
					};
					94FE83401BC2C3C700451E0C = {
						CreatedOnToolsVersion = 7.0.1;
						TestTargetID = 94FE83211BC2C3C700451E0C;
					};
				};
			};
			buildConfigurationList = 94FE831D1BC2C3C700451E0C /* Build configuration list for PBXProject "ImageSelect" */;
			compatibilityVersion = "Xcode 3.2";
			developmentRegion = English;
			hasScannedForEncodings = 0;
			knownRegions = (
				en,
				Base,
			);
			mainGroup = 94FE83191BC2C3C700451E0C;
			productRefGroup = 94FE83231BC2C3C700451E0C /* Products */;
			projectDirPath = "";
			projectRoot = "";
			targets = (
				94FE83211BC2C3C700451E0C /* ImageSelect */,
				94FE83351BC2C3C700451E0C /* ImageSelectTests */,
				94FE83401BC2C3C700451E0C /* ImageSelectUITests */,
			);
		};
/* End PBXProject section */

/* Begin PBXResourcesBuildPhase section */
		94FE83201BC2C3C700451E0C /* Resources */ = {
			isa = PBXResourcesBuildPhase;
			buildActionMask = 2147483647;
			files = (
				94FE83301BC2C3C700451E0C /* LaunchScreen.storyboard in Resources */,
				94FE832D1BC2C3C700451E0C /* Assets.xcassets in Resources */,
				94FE832B1BC2C3C700451E0C /* Main.storyboard in Resources */,
			);
			runOnlyForDeploymentPostprocessing = 0;
		};
		94FE83341BC2C3C700451E0C /* Resources */ = {
			isa = PBXResourcesBuildPhase;
			buildActionMask = 2147483647;
			files = (
			);
			runOnlyForDeploymentPostprocessing = 0;
		};
		94FE833F1BC2C3C700451E0C /* Resources */ = {
			isa = PBXResourcesBuildPhase;
			buildActionMask = 2147483647;
			files = (
			);
			runOnlyForDeploymentPostprocessing = 0;
		};
/* End PBXResourcesBuildPhase section */

/* Begin PBXSourcesBuildPhase section */
		94FE831E1BC2C3C700451E0C /* Sources */ = {
			isa = PBXSourcesBuildPhase;
			buildActionMask = 2147483647;
			files = (
				94FE83281BC2C3C700451E0C /* ViewController.swift in Sources */,
				94FE83541BC2C87400451E0C /* ViewPhoto.swift in Sources */,
				94FE83261BC2C3C700451E0C /* AppDelegate.swift in Sources */,
			);
			runOnlyForDeploymentPostprocessing = 0;
		};
		94FE83321BC2C3C700451E0C /* Sources */ = {
			isa = PBXSourcesBuildPhase;
			buildActionMask = 2147483647;
			files = (
				94FE833B1BC2C3C700451E0C /* ImageSelectTests.swift in Sources */,
			);
			runOnlyForDeploymentPostprocessing = 0;
		};
		94FE833D1BC2C3C700451E0C /* Sources */ = {
			isa = PBXSourcesBuildPhase;
			buildActionMask = 2147483647;
			files = (
				94FE83461BC2C3C700451E0C /* ImageSelectUITests.swift in Sources */,
			);
			runOnlyForDeploymentPostprocessing = 0;
		};
/* End PBXSourcesBuildPhase section */

/* Begin PBXTargetDependency section */
		94FE83381BC2C3C700451E0C /* PBXTargetDependency */ = {
			isa = PBXTargetDependency;
			target = 94FE83211BC2C3C700451E0C /* ImageSelect */;
			targetProxy = 94FE83371BC2C3C700451E0C /* PBXContainerItemProxy */;
		};
		94FE83431BC2C3C700451E0C /* PBXTargetDependency */ = {
			isa = PBXTargetDependency;
			target = 94FE83211BC2C3C700451E0C /* ImageSelect */;
			targetProxy = 94FE83421BC2C3C700451E0C /* PBXContainerItemProxy */;
		};
/* End PBXTargetDependency section */

/* Begin PBXVariantGroup section */
		94FE83291BC2C3C700451E0C /* Main.storyboard */ = {
			isa = PBXVariantGroup;
			children = (
				94FE832A1BC2C3C700451E0C /* Base */,
			);
			name = Main.storyboard;
			sourceTree = "<group>";
		};
		94FE832E1BC2C3C700451E0C /* LaunchScreen.storyboard */ = {
			isa = PBXVariantGroup;
			children = (
				94FE832F1BC2C3C700451E0C /* Base */,
			);
			name = LaunchScreen.storyboard;
			sourceTree = "<group>";
		};
/* End PBXVariantGroup section */

/* Begin XCBuildConfiguration section */
		94FE83481BC2C3C700451E0C /* Debug */ = {
			isa = XCBuildConfiguration;
			buildSettings = {
				ALWAYS_SEARCH_USER_PATHS = NO;
				CLANG_CXX_LANGUAGE_STANDARD = "gnu++0x";
				CLANG_CXX_LIBRARY = "libc++";
				CLANG_ENABLE_MODULES = YES;
				CLANG_ENABLE_OBJC_ARC = YES;
				CLANG_WARN_BOOL_CONVERSION = YES;
				CLANG_WARN_CONSTANT_CONVERSION = YES;
				CLANG_WARN_DIRECT_OBJC_ISA_USAGE = YES_ERROR;
				CLANG_WARN_EMPTY_BODY = YES;
				CLANG_WARN_ENUM_CONVERSION = YES;
				CLANG_WARN_INT_CONVERSION = YES;
				CLANG_WARN_OBJC_ROOT_CLASS = YES_ERROR;
				CLANG_WARN_UNREACHABLE_CODE = YES;
				CLANG_WARN__DUPLICATE_METHOD_MATCH = YES;
				"CODE_SIGN_IDENTITY[sdk=iphoneos*]" = "iPhone Developer";
				COPY_PHASE_STRIP = NO;
				DEBUG_INFORMATION_FORMAT = dwarf;
				ENABLE_STRICT_OBJC_MSGSEND = YES;
				ENABLE_TESTABILITY = YES;
				GCC_C_LANGUAGE_STANDARD = gnu99;
				GCC_DYNAMIC_NO_PIC = NO;
				GCC_NO_COMMON_BLOCKS = YES;
				GCC_OPTIMIZATION_LEVEL = 0;
				GCC_PREPROCESSOR_DEFINITIONS = (
					"DEBUG=1",
					"$(inherited)",
				);
				GCC_WARN_64_TO_32_BIT_CONVERSION = YES;
				GCC_WARN_ABOUT_RETURN_TYPE = YES_ERROR;
				GCC_WARN_UNDECLARED_SELECTOR = YES;
				GCC_WARN_UNINITIALIZED_AUTOS = YES_AGGRESSIVE;
				GCC_WARN_UNUSED_FUNCTION = YES;
				GCC_WARN_UNUSED_VARIABLE = YES;
				IPHONEOS_DEPLOYMENT_TARGET = 9.0;
				MTL_ENABLE_DEBUG_INFO = YES;
				ONLY_ACTIVE_ARCH = YES;
				SDKROOT = iphoneos;
				SWIFT_OPTIMIZATION_LEVEL = "-Onone";
			};
			name = Debug;
		};
		94FE83491BC2C3C700451E0C /* Release */ = {
			isa = XCBuildConfiguration;
			buildSettings = {
				ALWAYS_SEARCH_USER_PATHS = NO;
				CLANG_CXX_LANGUAGE_STANDARD = "gnu++0x";
				CLANG_CXX_LIBRARY = "libc++";
				CLANG_ENABLE_MODULES = YES;
				CLANG_ENABLE_OBJC_ARC = YES;
				CLANG_WARN_BOOL_CONVERSION = YES;
				CLANG_WARN_CONSTANT_CONVERSION = YES;
				CLANG_WARN_DIRECT_OBJC_ISA_USAGE = YES_ERROR;
				CLANG_WARN_EMPTY_BODY = YES;
				CLANG_WARN_ENUM_CONVERSION = YES;
				CLANG_WARN_INT_CONVERSION = YES;
				CLANG_WARN_OBJC_ROOT_CLASS = YES_ERROR;
				CLANG_WARN_UNREACHABLE_CODE = YES;
				CLANG_WARN__DUPLICATE_METHOD_MATCH = YES;
				"CODE_SIGN_IDENTITY[sdk=iphoneos*]" = "iPhone Developer";
				COPY_PHASE_STRIP = NO;
				DEBUG_INFORMATION_FORMAT = "dwarf-with-dsym";
				ENABLE_NS_ASSERTIONS = NO;
				ENABLE_STRICT_OBJC_MSGSEND = YES;
				GCC_C_LANGUAGE_STANDARD = gnu99;
				GCC_NO_COMMON_BLOCKS = YES;
				GCC_WARN_64_TO_32_BIT_CONVERSION = YES;
				GCC_WARN_ABOUT_RETURN_TYPE = YES_ERROR;
				GCC_WARN_UNDECLARED_SELECTOR = YES;
				GCC_WARN_UNINITIALIZED_AUTOS = YES_AGGRESSIVE;
				GCC_WARN_UNUSED_FUNCTION = YES;
				GCC_WARN_UNUSED_VARIABLE = YES;
				IPHONEOS_DEPLOYMENT_TARGET = 9.0;
				MTL_ENABLE_DEBUG_INFO = NO;
				SDKROOT = iphoneos;
				VALIDATE_PRODUCT = YES;
			};
			name = Release;
		};
		94FE834B1BC2C3C700451E0C /* Debug */ = {
			isa = XCBuildConfiguration;
			buildSettings = {
				ASSETCATALOG_COMPILER_APPICON_NAME = AppIcon;
				INFOPLIST_FILE = ImageSelect/Info.plist;
				LD_RUNPATH_SEARCH_PATHS = "$(inherited) @executable_path/Frameworks";
				PRODUCT_BUNDLE_IDENTIFIER = com.ryan.ImageSelect;
				PRODUCT_NAME = "$(TARGET_NAME)";
			};
			name = Debug;
		};
		94FE834C1BC2C3C700451E0C /* Release */ = {
			isa = XCBuildConfiguration;
			buildSettings = {
				ASSETCATALOG_COMPILER_APPICON_NAME = AppIcon;
				INFOPLIST_FILE = ImageSelect/Info.plist;
				LD_RUNPATH_SEARCH_PATHS = "$(inherited) @executable_path/Frameworks";
				PRODUCT_BUNDLE_IDENTIFIER = com.ryan.ImageSelect;
				PRODUCT_NAME = "$(TARGET_NAME)";
			};
			name = Release;
		};
		94FE834E1BC2C3C700451E0C /* Debug */ = {
			isa = XCBuildConfiguration;
			buildSettings = {
				BUNDLE_LOADER = "$(TEST_HOST)";
				INFOPLIST_FILE = ImageSelectTests/Info.plist;
				LD_RUNPATH_SEARCH_PATHS = "$(inherited) @executable_path/Frameworks @loader_path/Frameworks";
				PRODUCT_BUNDLE_IDENTIFIER = com.ryan.ImageSelectTests;
				PRODUCT_NAME = "$(TARGET_NAME)";
				TEST_HOST = "$(BUILT_PRODUCTS_DIR)/ImageSelect.app/ImageSelect";
			};
			name = Debug;
		};
		94FE834F1BC2C3C700451E0C /* Release */ = {
			isa = XCBuildConfiguration;
			buildSettings = {
				BUNDLE_LOADER = "$(TEST_HOST)";
				INFOPLIST_FILE = ImageSelectTests/Info.plist;
				LD_RUNPATH_SEARCH_PATHS = "$(inherited) @executable_path/Frameworks @loader_path/Frameworks";
				PRODUCT_BUNDLE_IDENTIFIER = com.ryan.ImageSelectTests;
				PRODUCT_NAME = "$(TARGET_NAME)";
				TEST_HOST = "$(BUILT_PRODUCTS_DIR)/ImageSelect.app/ImageSelect";
			};
			name = Release;
		};
		94FE83511BC2C3C700451E0C /* Debug */ = {
			isa = XCBuildConfiguration;
			buildSettings = {
				INFOPLIST_FILE = ImageSelectUITests/Info.plist;
				LD_RUNPATH_SEARCH_PATHS = "$(inherited) @executable_path/Frameworks @loader_path/Frameworks";
				PRODUCT_BUNDLE_IDENTIFIER = com.ryan.ImageSelectUITests;
				PRODUCT_NAME = "$(TARGET_NAME)";
				TEST_TARGET_NAME = ImageSelect;
				USES_XCTRUNNER = YES;
			};
			name = Debug;
		};
		94FE83521BC2C3C700451E0C /* Release */ = {
			isa = XCBuildConfiguration;
			buildSettings = {
				INFOPLIST_FILE = ImageSelectUITests/Info.plist;
				LD_RUNPATH_SEARCH_PATHS = "$(inherited) @executable_path/Frameworks @loader_path/Frameworks";
				PRODUCT_BUNDLE_IDENTIFIER = com.ryan.ImageSelectUITests;
				PRODUCT_NAME = "$(TARGET_NAME)";
				TEST_TARGET_NAME = ImageSelect;
				USES_XCTRUNNER = YES;
			};
			name = Release;
		};
/* End XCBuildConfiguration section */

/* Begin XCConfigurationList section */
		94FE831D1BC2C3C700451E0C /* Build configuration list for PBXProject "ImageSelect" */ = {
			isa = XCConfigurationList;
			buildConfigurations = (
				94FE83481BC2C3C700451E0C /* Debug */,
				94FE83491BC2C3C700451E0C /* Release */,
			);
			defaultConfigurationIsVisible = 0;
			defaultConfigurationName = Release;
		};
		94FE834A1BC2C3C700451E0C /* Build configuration list for PBXNativeTarget "ImageSelect" */ = {
			isa = XCConfigurationList;
			buildConfigurations = (
				94FE834B1BC2C3C700451E0C /* Debug */,
				94FE834C1BC2C3C700451E0C /* Release */,
			);
			defaultConfigurationIsVisible = 0;
		};
		94FE834D1BC2C3C700451E0C /* Build configuration list for PBXNativeTarget "ImageSelectTests" */ = {
			isa = XCConfigurationList;
			buildConfigurations = (
				94FE834E1BC2C3C700451E0C /* Debug */,
				94FE834F1BC2C3C700451E0C /* Release */,
			);
			defaultConfigurationIsVisible = 0;
		};
		94FE83501BC2C3C700451E0C /* Build configuration list for PBXNativeTarget "ImageSelectUITests" */ = {
			isa = XCConfigurationList;
			buildConfigurations = (
				94FE83511BC2C3C700451E0C /* Debug */,
				94FE83521BC2C3C700451E0C /* Release */,
			);
			defaultConfigurationIsVisible = 0;
		};
/* End XCConfigurationList section */
	};
	rootObject = 94FE831A1BC2C3C700451E0C /* Project object */;
}
