// !$*UTF8*$!
{
	archiveVersion = 1;
	classes = {
	};
	objectVersion = 46;
	objects = {

/* Begin PBXBuildFile section */
		943734341B974DA900C38E50 /* main.m in Sources */ = {isa = PBXBuildFile; fileRef = 943734331B974DA900C38E50 /* main.m */; };
		943734371B974DA900C38E50 /* AppDelegate.m in Sources */ = {isa = PBXBuildFile; fileRef = 943734361B974DA900C38E50 /* AppDelegate.m */; };
		9437343A1B974DA900C38E50 /* ViewController.m in Sources */ = {isa = PBXBuildFile; fileRef = 943734391B974DA900C38E50 /* ViewController.m */; };
		9437343D1B974DA900C38E50 /* Main.storyboard in Resources */ = {isa = PBXBuildFile; fileRef = 9437343B1B974DA900C38E50 /* Main.storyboard */; };
		9437343F1B974DA900C38E50 /* Images.xcassets in Resources */ = {isa = PBXBuildFile; fileRef = 9437343E1B974DA900C38E50 /* Images.xcassets */; };
		943734421B974DA900C38E50 /* LaunchScreen.xib in Resources */ = {isa = PBXBuildFile; fileRef = 943734401B974DA900C38E50 /* LaunchScreen.xib */; };
		9437344E1B974DA900C38E50 /* AlarmApp4Tests.m in Sources */ = {isa = PBXBuildFile; fileRef = 9437344D1B974DA900C38E50 /* AlarmApp4Tests.m */; };
		943734591B9750EF00C38E50 /* MainViewController.m in Sources */ = {isa = PBXBuildFile; fileRef = 943734581B9750EF00C38E50 /* MainViewController.m */; };
/* End PBXBuildFile section */

/* Begin PBXContainerItemProxy section */
		943734481B974DA900C38E50 /* PBXContainerItemProxy */ = {
			isa = PBXContainerItemProxy;
			containerPortal = 943734261B974DA800C38E50 /* Project object */;
			proxyType = 1;
			remoteGlobalIDString = 9437342D1B974DA900C38E50;
			remoteInfo = AlarmApp4;
		};
/* End PBXContainerItemProxy section */

/* Begin PBXFileReference section */
		9437342E1B974DA900C38E50 /* AlarmApp4.app */ = {isa = PBXFileReference; explicitFileType = wrapper.application; includeInIndex = 0; path = AlarmApp4.app; sourceTree = BUILT_PRODUCTS_DIR; };
		943734321B974DA900C38E50 /* Info.plist */ = {isa = PBXFileReference; lastKnownFileType = text.plist.xml; path = Info.plist; sourceTree = "<group>"; };
		943734331B974DA900C38E50 /* main.m */ = {isa = PBXFileReference; lastKnownFileType = sourcecode.c.objc; path = main.m; sourceTree = "<group>"; };
		943734351B974DA900C38E50 /* AppDelegate.h */ = {isa = PBXFileReference; lastKnownFileType = sourcecode.c.h; path = AppDelegate.h; sourceTree = "<group>"; };
		943734361B974DA900C38E50 /* AppDelegate.m */ = {isa = PBXFileReference; lastKnownFileType = sourcecode.c.objc; path = AppDelegate.m; sourceTree = "<group>"; };
		943734381B974DA900C38E50 /* ViewController.h */ = {isa = PBXFileReference; lastKnownFileType = sourcecode.c.h; path = ViewController.h; sourceTree = "<group>"; };
		943734391B974DA900C38E50 /* ViewController.m */ = {isa = PBXFileReference; lastKnownFileType = sourcecode.c.objc; path = ViewController.m; sourceTree = "<group>"; };
		9437343C1B974DA900C38E50 /* Base */ = {isa = PBXFileReference; lastKnownFileType = file.storyboard; name = Base; path = Base.lproj/Main.storyboard; sourceTree = "<group>"; };
		9437343E1B974DA900C38E50 /* Images.xcassets */ = {isa = PBXFileReference; lastKnownFileType = folder.assetcatalog; path = Images.xcassets; sourceTree = "<group>"; };
		943734411B974DA900C38E50 /* Base */ = {isa = PBXFileReference; lastKnownFileType = file.xib; name = Base; path = Base.lproj/LaunchScreen.xib; sourceTree = "<group>"; };
		943734471B974DA900C38E50 /* AlarmApp4Tests.xctest */ = {isa = PBXFileReference; explicitFileType = wrapper.cfbundle; includeInIndex = 0; path = AlarmApp4Tests.xctest; sourceTree = BUILT_PRODUCTS_DIR; };
		9437344C1B974DA900C38E50 /* Info.plist */ = {isa = PBXFileReference; lastKnownFileType = text.plist.xml; path = Info.plist; sourceTree = "<group>"; };
		9437344D1B974DA900C38E50 /* AlarmApp4Tests.m */ = {isa = PBXFileReference; lastKnownFileType = sourcecode.c.objc; path = AlarmApp4Tests.m; sourceTree = "<group>"; };
		943734571B9750EF00C38E50 /* MainViewController.h */ = {isa = PBXFileReference; fileEncoding = 4; lastKnownFileType = sourcecode.c.h; path = MainViewController.h; sourceTree = "<group>"; };
		943734581B9750EF00C38E50 /* MainViewController.m */ = {isa = PBXFileReference; fileEncoding = 4; lastKnownFileType = sourcecode.c.objc; path = MainViewController.m; sourceTree = "<group>"; };
/* End PBXFileReference section */

/* Begin PBXFrameworksBuildPhase section */
		9437342B1B974DA900C38E50 /* Frameworks */ = {
			isa = PBXFrameworksBuildPhase;
			buildActionMask = 2147483647;
			files = (
			);
			runOnlyForDeploymentPostprocessing = 0;
		};
		943734441B974DA900C38E50 /* Frameworks */ = {
			isa = PBXFrameworksBuildPhase;
			buildActionMask = 2147483647;
			files = (
			);
			runOnlyForDeploymentPostprocessing = 0;
		};
/* End PBXFrameworksBuildPhase section */

/* Begin PBXGroup section */
		943734251B974DA800C38E50 = {
			isa = PBXGroup;
			children = (
				943734301B974DA900C38E50 /* AlarmApp4 */,
				9437344A1B974DA900C38E50 /* AlarmApp4Tests */,
				9437342F1B974DA900C38E50 /* Products */,
			);
			sourceTree = "<group>";
		};
		9437342F1B974DA900C38E50 /* Products */ = {
			isa = PBXGroup;
			children = (
				9437342E1B974DA900C38E50 /* AlarmApp4.app */,
				943734471B974DA900C38E50 /* AlarmApp4Tests.xctest */,
			);
			name = Products;
			sourceTree = "<group>";
		};
		943734301B974DA900C38E50 /* AlarmApp4 */ = {
			isa = PBXGroup;
			children = (
				943734351B974DA900C38E50 /* AppDelegate.h */,
				943734361B974DA900C38E50 /* AppDelegate.m */,
				943734381B974DA900C38E50 /* ViewController.h */,
				943734391B974DA900C38E50 /* ViewController.m */,
				9437343B1B974DA900C38E50 /* Main.storyboard */,
				943734571B9750EF00C38E50 /* MainViewController.h */,
				943734581B9750EF00C38E50 /* MainViewController.m */,
				9437343E1B974DA900C38E50 /* Images.xcassets */,
				943734401B974DA900C38E50 /* LaunchScreen.xib */,
				943734311B974DA900C38E50 /* Supporting Files */,
			);
			path = AlarmApp4;
			sourceTree = "<group>";
		};
		943734311B974DA900C38E50 /* Supporting Files */ = {
			isa = PBXGroup;
			children = (
				943734321B974DA900C38E50 /* Info.plist */,
				943734331B974DA900C38E50 /* main.m */,
			);
			name = "Supporting Files";
			sourceTree = "<group>";
		};
		9437344A1B974DA900C38E50 /* AlarmApp4Tests */ = {
			isa = PBXGroup;
			children = (
				9437344D1B974DA900C38E50 /* AlarmApp4Tests.m */,
				9437344B1B974DA900C38E50 /* Supporting Files */,
			);
			path = AlarmApp4Tests;
			sourceTree = "<group>";
		};
		9437344B1B974DA900C38E50 /* Supporting Files */ = {
			isa = PBXGroup;
			children = (
				9437344C1B974DA900C38E50 /* Info.plist */,
			);
			name = "Supporting Files";
			sourceTree = "<group>";
		};
/* End PBXGroup section */

/* Begin PBXNativeTarget section */
		9437342D1B974DA900C38E50 /* AlarmApp4 */ = {
			isa = PBXNativeTarget;
			buildConfigurationList = 943734511B974DA900C38E50 /* Build configuration list for PBXNativeTarget "AlarmApp4" */;
			buildPhases = (
				9437342A1B974DA900C38E50 /* Sources */,
				9437342B1B974DA900C38E50 /* Frameworks */,
				9437342C1B974DA900C38E50 /* Resources */,
			);
			buildRules = (
			);
			dependencies = (
			);
			name = AlarmApp4;
			productName = AlarmApp4;
			productReference = 9437342E1B974DA900C38E50 /* AlarmApp4.app */;
			productType = "com.apple.product-type.application";
		};
		943734461B974DA900C38E50 /* AlarmApp4Tests */ = {
			isa = PBXNativeTarget;
			buildConfigurationList = 943734541B974DA900C38E50 /* Build configuration list for PBXNativeTarget "AlarmApp4Tests" */;
			buildPhases = (
				943734431B974DA900C38E50 /* Sources */,
				943734441B974DA900C38E50 /* Frameworks */,
				943734451B974DA900C38E50 /* Resources */,
			);
			buildRules = (
			);
			dependencies = (
				943734491B974DA900C38E50 /* PBXTargetDependency */,
			);
			name = AlarmApp4Tests;
			productName = AlarmApp4Tests;
			productReference = 943734471B974DA900C38E50 /* AlarmApp4Tests.xctest */;
			productType = "com.apple.product-type.bundle.unit-test";
		};
/* End PBXNativeTarget section */

/* Begin PBXProject section */
		943734261B974DA800C38E50 /* Project object */ = {
			isa = PBXProject;
			attributes = {
				LastUpgradeCheck = 0640;
				ORGANIZATIONNAME = ryan;
				TargetAttributes = {
					9437342D1B974DA900C38E50 = {
						CreatedOnToolsVersion = 6.4;
					};
					943734461B974DA900C38E50 = {
						CreatedOnToolsVersion = 6.4;
						TestTargetID = 9437342D1B974DA900C38E50;
					};
				};
			};
			buildConfigurationList = 943734291B974DA900C38E50 /* Build configuration list for PBXProject "AlarmApp4" */;
			compatibilityVersion = "Xcode 3.2";
			developmentRegion = English;
			hasScannedForEncodings = 0;
			knownRegions = (
				en,
				Base,
			);
			mainGroup = 943734251B974DA800C38E50;
			productRefGroup = 9437342F1B974DA900C38E50 /* Products */;
			projectDirPath = "";
			projectRoot = "";
			targets = (
				9437342D1B974DA900C38E50 /* AlarmApp4 */,
				943734461B974DA900C38E50 /* AlarmApp4Tests */,
			);
		};
/* End PBXProject section */

/* Begin PBXResourcesBuildPhase section */
		9437342C1B974DA900C38E50 /* Resources */ = {
			isa = PBXResourcesBuildPhase;
			buildActionMask = 2147483647;
			files = (
				9437343D1B974DA900C38E50 /* Main.storyboard in Resources */,
				943734421B974DA900C38E50 /* LaunchScreen.xib in Resources */,
				9437343F1B974DA900C38E50 /* Images.xcassets in Resources */,
			);
			runOnlyForDeploymentPostprocessing = 0;
		};
		943734451B974DA900C38E50 /* Resources */ = {
			isa = PBXResourcesBuildPhase;
			buildActionMask = 2147483647;
			files = (
			);
			runOnlyForDeploymentPostprocessing = 0;
		};
/* End PBXResourcesBuildPhase section */

/* Begin PBXSourcesBuildPhase section */
		9437342A1B974DA900C38E50 /* Sources */ = {
			isa = PBXSourcesBuildPhase;
			buildActionMask = 2147483647;
			files = (
				9437343A1B974DA900C38E50 /* ViewController.m in Sources */,
				943734371B974DA900C38E50 /* AppDelegate.m in Sources */,
				943734341B974DA900C38E50 /* main.m in Sources */,
				943734591B9750EF00C38E50 /* MainViewController.m in Sources */,
			);
			runOnlyForDeploymentPostprocessing = 0;
		};
		943734431B974DA900C38E50 /* Sources */ = {
			isa = PBXSourcesBuildPhase;
			buildActionMask = 2147483647;
			files = (
				9437344E1B974DA900C38E50 /* AlarmApp4Tests.m in Sources */,
			);
			runOnlyForDeploymentPostprocessing = 0;
		};
/* End PBXSourcesBuildPhase section */

/* Begin PBXTargetDependency section */
		943734491B974DA900C38E50 /* PBXTargetDependency */ = {
			isa = PBXTargetDependency;
			target = 9437342D1B974DA900C38E50 /* AlarmApp4 */;
			targetProxy = 943734481B974DA900C38E50 /* PBXContainerItemProxy */;
		};
/* End PBXTargetDependency section */

/* Begin PBXVariantGroup section */
		9437343B1B974DA900C38E50 /* Main.storyboard */ = {
			isa = PBXVariantGroup;
			children = (
				9437343C1B974DA900C38E50 /* Base */,
			);
			name = Main.storyboard;
			sourceTree = "<group>";
		};
		943734401B974DA900C38E50 /* LaunchScreen.xib */ = {
			isa = PBXVariantGroup;
			children = (
				943734411B974DA900C38E50 /* Base */,
			);
			name = LaunchScreen.xib;
			sourceTree = "<group>";
		};
/* End PBXVariantGroup section */

/* Begin XCBuildConfiguration section */
		9437344F1B974DA900C38E50 /* Debug */ = {
			isa = XCBuildConfiguration;
			buildSettings = {
				ALWAYS_SEARCH_USER_PATHS = NO;
				CLANG_CXX_LANGUAGE_STANDARD = "gnu++0x";
				CLANG_CXX_LIBRARY = "libc++";
				CLANG_ENABLE_MODULES = YES;
				CLANG_ENABLE_OBJC_ARC = YES;
				CLANG_WARN_BOOL_CONVERSION = YES;
				CLANG_WARN_CONSTANT_CONVERSION = YES;
				CLANG_WARN_DIRECT_OBJC_ISA_USAGE = YES_ERROR;
				CLANG_WARN_EMPTY_BODY = YES;
				CLANG_WARN_ENUM_CONVERSION = YES;
				CLANG_WARN_INT_CONVERSION = YES;
				CLANG_WARN_OBJC_ROOT_CLASS = YES_ERROR;
				CLANG_WARN_UNREACHABLE_CODE = YES;
				CLANG_WARN__DUPLICATE_METHOD_MATCH = YES;
				"CODE_SIGN_IDENTITY[sdk=iphoneos*]" = "iPhone Developer";
				COPY_PHASE_STRIP = NO;
				DEBUG_INFORMATION_FORMAT = "dwarf-with-dsym";
				ENABLE_STRICT_OBJC_MSGSEND = YES;
				GCC_C_LANGUAGE_STANDARD = gnu99;
				GCC_DYNAMIC_NO_PIC = NO;
				GCC_NO_COMMON_BLOCKS = YES;
				GCC_OPTIMIZATION_LEVEL = 0;
				GCC_PREPROCESSOR_DEFINITIONS = (
					"DEBUG=1",
					"$(inherited)",
				);
				GCC_SYMBOLS_PRIVATE_EXTERN = NO;
				GCC_WARN_64_TO_32_BIT_CONVERSION = YES;
				GCC_WARN_ABOUT_RETURN_TYPE = YES_ERROR;
				GCC_WARN_UNDECLARED_SELECTOR = YES;
				GCC_WARN_UNINITIALIZED_AUTOS = YES_AGGRESSIVE;
				GCC_WARN_UNUSED_FUNCTION = YES;
				GCC_WARN_UNUSED_VARIABLE = YES;
				IPHONEOS_DEPLOYMENT_TARGET = 8.4;
				MTL_ENABLE_DEBUG_INFO = YES;
				ONLY_ACTIVE_ARCH = YES;
				SDKROOT = iphoneos;
			};
			name = Debug;
		};
		943734501B974DA900C38E50 /* Release */ = {
			isa = XCBuildConfiguration;
			buildSettings = {
				ALWAYS_SEARCH_USER_PATHS = NO;
				CLANG_CXX_LANGUAGE_STANDARD = "gnu++0x";
				CLANG_CXX_LIBRARY = "libc++";
				CLANG_ENABLE_MODULES = YES;
				CLANG_ENABLE_OBJC_ARC = YES;
				CLANG_WARN_BOOL_CONVERSION = YES;
				CLANG_WARN_CONSTANT_CONVERSION = YES;
				CLANG_WARN_DIRECT_OBJC_ISA_USAGE = YES_ERROR;
				CLANG_WARN_EMPTY_BODY = YES;
				CLANG_WARN_ENUM_CONVERSION = YES;
				CLANG_WARN_INT_CONVERSION = YES;
				CLANG_WARN_OBJC_ROOT_CLASS = YES_ERROR;
				CLANG_WARN_UNREACHABLE_CODE = YES;
				CLANG_WARN__DUPLICATE_METHOD_MATCH = YES;
				"CODE_SIGN_IDENTITY[sdk=iphoneos*]" = "iPhone Developer";
				COPY_PHASE_STRIP = NO;
				DEBUG_INFORMATION_FORMAT = "dwarf-with-dsym";
				ENABLE_NS_ASSERTIONS = NO;
				ENABLE_STRICT_OBJC_MSGSEND = YES;
				GCC_C_LANGUAGE_STANDARD = gnu99;
				GCC_NO_COMMON_BLOCKS = YES;
				GCC_WARN_64_TO_32_BIT_CONVERSION = YES;
				GCC_WARN_ABOUT_RETURN_TYPE = YES_ERROR;
				GCC_WARN_UNDECLARED_SELECTOR = YES;
				GCC_WARN_UNINITIALIZED_AUTOS = YES_AGGRESSIVE;
				GCC_WARN_UNUSED_FUNCTION = YES;
				GCC_WARN_UNUSED_VARIABLE = YES;
				IPHONEOS_DEPLOYMENT_TARGET = 8.4;
				MTL_ENABLE_DEBUG_INFO = NO;
				SDKROOT = iphoneos;
				VALIDATE_PRODUCT = YES;
			};
			name = Release;
		};
		943734521B974DA900C38E50 /* Debug */ = {
			isa = XCBuildConfiguration;
			buildSettings = {
				ASSETCATALOG_COMPILER_APPICON_NAME = AppIcon;
				INFOPLIST_FILE = AlarmApp4/Info.plist;
				LD_RUNPATH_SEARCH_PATHS = "$(inherited) @executable_path/Frameworks";
				PRODUCT_NAME = "$(TARGET_NAME)";
			};
			name = Debug;
		};
		943734531B974DA900C38E50 /* Release */ = {
			isa = XCBuildConfiguration;
			buildSettings = {
				ASSETCATALOG_COMPILER_APPICON_NAME = AppIcon;
				INFOPLIST_FILE = AlarmApp4/Info.plist;
				LD_RUNPATH_SEARCH_PATHS = "$(inherited) @executable_path/Frameworks";
				PRODUCT_NAME = "$(TARGET_NAME)";
			};
			name = Release;
		};
		943734551B974DA900C38E50 /* Debug */ = {
			isa = XCBuildConfiguration;
			buildSettings = {
				BUNDLE_LOADER = "$(TEST_HOST)";
				FRAMEWORK_SEARCH_PATHS = (
					"$(SDKROOT)/Developer/Library/Frameworks",
					"$(inherited)",
				);
				GCC_PREPROCESSOR_DEFINITIONS = (
					"DEBUG=1",
					"$(inherited)",
				);
				INFOPLIST_FILE = AlarmApp4Tests/Info.plist;
				LD_RUNPATH_SEARCH_PATHS = "$(inherited) @executable_path/Frameworks @loader_path/Frameworks";
				PRODUCT_NAME = "$(TARGET_NAME)";
				TEST_HOST = "$(BUILT_PRODUCTS_DIR)/AlarmApp4.app/AlarmApp4";
			};
			name = Debug;
		};
		943734561B974DA900C38E50 /* Release */ = {
			isa = XCBuildConfiguration;
			buildSettings = {
				BUNDLE_LOADER = "$(TEST_HOST)";
				FRAMEWORK_SEARCH_PATHS = (
					"$(SDKROOT)/Developer/Library/Frameworks",
					"$(inherited)",
				);
				INFOPLIST_FILE = AlarmApp4Tests/Info.plist;
				LD_RUNPATH_SEARCH_PATHS = "$(inherited) @executable_path/Frameworks @loader_path/Frameworks";
				PRODUCT_NAME = "$(TARGET_NAME)";
				TEST_HOST = "$(BUILT_PRODUCTS_DIR)/AlarmApp4.app/AlarmApp4";
			};
			name = Release;
		};
/* End XCBuildConfiguration section */

/* Begin XCConfigurationList section */
		943734291B974DA900C38E50 /* Build configuration list for PBXProject "AlarmApp4" */ = {
			isa = XCConfigurationList;
			buildConfigurations = (
				9437344F1B974DA900C38E50 /* Debug */,
				943734501B974DA900C38E50 /* Release */,
			);
			defaultConfigurationIsVisible = 0;
			defaultConfigurationName = Release;
		};
		943734511B974DA900C38E50 /* Build configuration list for PBXNativeTarget "AlarmApp4" */ = {
			isa = XCConfigurationList;
			buildConfigurations = (
				943734521B974DA900C38E50 /* Debug */,
				943734531B974DA900C38E50 /* Release */,
			);
			defaultConfigurationIsVisible = 0;
		};
		943734541B974DA900C38E50 /* Build configuration list for PBXNativeTarget "AlarmApp4Tests" */ = {
			isa = XCConfigurationList;
			buildConfigurations = (
				943734551B974DA900C38E50 /* Debug */,
				943734561B974DA900C38E50 /* Release */,
			);
			defaultConfigurationIsVisible = 0;
		};
/* End XCConfigurationList section */
	};
	rootObject = 943734261B974DA800C38E50 /* Project object */;
}
