// !$*UTF8*$!
{
	archiveVersion = 1;
	classes = {
	};
	objectVersion = 46;
	objects = {

/* Begin PBXBuildFile section */
		94749DB71BBA4D9600BBE227 /* AppDelegate.swift in Sources */ = {isa = PBXBuildFile; fileRef = 94749DB61BBA4D9600BBE227 /* AppDelegate.swift */; };
		94749DB91BBA4D9600BBE227 /* ViewController.swift in Sources */ = {isa = PBXBuildFile; fileRef = 94749DB81BBA4D9600BBE227 /* ViewController.swift */; };
		94749DBC1BBA4D9600BBE227 /* Main.storyboard in Resources */ = {isa = PBXBuildFile; fileRef = 94749DBA1BBA4D9600BBE227 /* Main.storyboard */; };
		94749DBE1BBA4D9600BBE227 /* Assets.xcassets in Resources */ = {isa = PBXBuildFile; fileRef = 94749DBD1BBA4D9600BBE227 /* Assets.xcassets */; };
		94749DC11BBA4D9600BBE227 /* LaunchScreen.storyboard in Resources */ = {isa = PBXBuildFile; fileRef = 94749DBF1BBA4D9600BBE227 /* LaunchScreen.storyboard */; };
		94749DCC1BBA4D9600BBE227 /* TabTests.swift in Sources */ = {isa = PBXBuildFile; fileRef = 94749DCB1BBA4D9600BBE227 /* TabTests.swift */; };
		94749DD71BBA4D9600BBE227 /* TabUITests.swift in Sources */ = {isa = PBXBuildFile; fileRef = 94749DD61BBA4D9600BBE227 /* TabUITests.swift */; };
/* End PBXBuildFile section */

/* Begin PBXContainerItemProxy section */
		94749DC81BBA4D9600BBE227 /* PBXContainerItemProxy */ = {
			isa = PBXContainerItemProxy;
			containerPortal = 94749DAB1BBA4D9600BBE227 /* Project object */;
			proxyType = 1;
			remoteGlobalIDString = 94749DB21BBA4D9600BBE227;
			remoteInfo = Tab;
		};
		94749DD31BBA4D9600BBE227 /* PBXContainerItemProxy */ = {
			isa = PBXContainerItemProxy;
			containerPortal = 94749DAB1BBA4D9600BBE227 /* Project object */;
			proxyType = 1;
			remoteGlobalIDString = 94749DB21BBA4D9600BBE227;
			remoteInfo = Tab;
		};
/* End PBXContainerItemProxy section */

/* Begin PBXFileReference section */
		94749DB31BBA4D9600BBE227 /* Tab.app */ = {isa = PBXFileReference; explicitFileType = wrapper.application; includeInIndex = 0; path = Tab.app; sourceTree = BUILT_PRODUCTS_DIR; };
		94749DB61BBA4D9600BBE227 /* AppDelegate.swift */ = {isa = PBXFileReference; lastKnownFileType = sourcecode.swift; path = AppDelegate.swift; sourceTree = "<group>"; };
		94749DB81BBA4D9600BBE227 /* ViewController.swift */ = {isa = PBXFileReference; lastKnownFileType = sourcecode.swift; path = ViewController.swift; sourceTree = "<group>"; };
		94749DBB1BBA4D9600BBE227 /* Base */ = {isa = PBXFileReference; lastKnownFileType = file.storyboard; name = Base; path = Base.lproj/Main.storyboard; sourceTree = "<group>"; };
		94749DBD1BBA4D9600BBE227 /* Assets.xcassets */ = {isa = PBXFileReference; lastKnownFileType = folder.assetcatalog; path = Assets.xcassets; sourceTree = "<group>"; };
		94749DC01BBA4D9600BBE227 /* Base */ = {isa = PBXFileReference; lastKnownFileType = file.storyboard; name = Base; path = Base.lproj/LaunchScreen.storyboard; sourceTree = "<group>"; };
		94749DC21BBA4D9600BBE227 /* Info.plist */ = {isa = PBXFileReference; lastKnownFileType = text.plist.xml; path = Info.plist; sourceTree = "<group>"; };
		94749DC71BBA4D9600BBE227 /* TabTests.xctest */ = {isa = PBXFileReference; explicitFileType = wrapper.cfbundle; includeInIndex = 0; path = TabTests.xctest; sourceTree = BUILT_PRODUCTS_DIR; };
		94749DCB1BBA4D9600BBE227 /* TabTests.swift */ = {isa = PBXFileReference; lastKnownFileType = sourcecode.swift; path = TabTests.swift; sourceTree = "<group>"; };
		94749DCD1BBA4D9600BBE227 /* Info.plist */ = {isa = PBXFileReference; lastKnownFileType = text.plist.xml; path = Info.plist; sourceTree = "<group>"; };
		94749DD21BBA4D9600BBE227 /* TabUITests.xctest */ = {isa = PBXFileReference; explicitFileType = wrapper.cfbundle; includeInIndex = 0; path = TabUITests.xctest; sourceTree = BUILT_PRODUCTS_DIR; };
		94749DD61BBA4D9600BBE227 /* TabUITests.swift */ = {isa = PBXFileReference; lastKnownFileType = sourcecode.swift; path = TabUITests.swift; sourceTree = "<group>"; };
		94749DD81BBA4D9600BBE227 /* Info.plist */ = {isa = PBXFileReference; lastKnownFileType = text.plist.xml; path = Info.plist; sourceTree = "<group>"; };
/* End PBXFileReference section */

/* Begin PBXFrameworksBuildPhase section */
		94749DB01BBA4D9600BBE227 /* Frameworks */ = {
			isa = PBXFrameworksBuildPhase;
			buildActionMask = 2147483647;
			files = (
			);
			runOnlyForDeploymentPostprocessing = 0;
		};
		94749DC41BBA4D9600BBE227 /* Frameworks */ = {
			isa = PBXFrameworksBuildPhase;
			buildActionMask = 2147483647;
			files = (
			);
			runOnlyForDeploymentPostprocessing = 0;
		};
		94749DCF1BBA4D9600BBE227 /* Frameworks */ = {
			isa = PBXFrameworksBuildPhase;
			buildActionMask = 2147483647;
			files = (
			);
			runOnlyForDeploymentPostprocessing = 0;
		};
/* End PBXFrameworksBuildPhase section */

/* Begin PBXGroup section */
		94749DAA1BBA4D9600BBE227 = {
			isa = PBXGroup;
			children = (
				94749DB51BBA4D9600BBE227 /* Tab */,
				94749DCA1BBA4D9600BBE227 /* TabTests */,
				94749DD51BBA4D9600BBE227 /* TabUITests */,
				94749DB41BBA4D9600BBE227 /* Products */,
			);
			sourceTree = "<group>";
		};
		94749DB41BBA4D9600BBE227 /* Products */ = {
			isa = PBXGroup;
			children = (
				94749DB31BBA4D9600BBE227 /* Tab.app */,
				94749DC71BBA4D9600BBE227 /* TabTests.xctest */,
				94749DD21BBA4D9600BBE227 /* TabUITests.xctest */,
			);
			name = Products;
			sourceTree = "<group>";
		};
		94749DB51BBA4D9600BBE227 /* Tab */ = {
			isa = PBXGroup;
			children = (
				94749DB61BBA4D9600BBE227 /* AppDelegate.swift */,
				94749DB81BBA4D9600BBE227 /* ViewController.swift */,
				94749DBA1BBA4D9600BBE227 /* Main.storyboard */,
				94749DBD1BBA4D9600BBE227 /* Assets.xcassets */,
				94749DBF1BBA4D9600BBE227 /* LaunchScreen.storyboard */,
				94749DC21BBA4D9600BBE227 /* Info.plist */,
			);
			path = Tab;
			sourceTree = "<group>";
		};
		94749DCA1BBA4D9600BBE227 /* TabTests */ = {
			isa = PBXGroup;
			children = (
				94749DCB1BBA4D9600BBE227 /* TabTests.swift */,
				94749DCD1BBA4D9600BBE227 /* Info.plist */,
			);
			path = TabTests;
			sourceTree = "<group>";
		};
		94749DD51BBA4D9600BBE227 /* TabUITests */ = {
			isa = PBXGroup;
			children = (
				94749DD61BBA4D9600BBE227 /* TabUITests.swift */,
				94749DD81BBA4D9600BBE227 /* Info.plist */,
			);
			path = TabUITests;
			sourceTree = "<group>";
		};
/* End PBXGroup section */

/* Begin PBXNativeTarget section */
		94749DB21BBA4D9600BBE227 /* Tab */ = {
			isa = PBXNativeTarget;
			buildConfigurationList = 94749DDB1BBA4D9600BBE227 /* Build configuration list for PBXNativeTarget "Tab" */;
			buildPhases = (
				94749DAF1BBA4D9600BBE227 /* Sources */,
				94749DB01BBA4D9600BBE227 /* Frameworks */,
				94749DB11BBA4D9600BBE227 /* Resources */,
			);
			buildRules = (
			);
			dependencies = (
			);
			name = Tab;
			productName = Tab;
			productReference = 94749DB31BBA4D9600BBE227 /* Tab.app */;
			productType = "com.apple.product-type.application";
		};
		94749DC61BBA4D9600BBE227 /* TabTests */ = {
			isa = PBXNativeTarget;
			buildConfigurationList = 94749DDE1BBA4D9600BBE227 /* Build configuration list for PBXNativeTarget "TabTests" */;
			buildPhases = (
				94749DC31BBA4D9600BBE227 /* Sources */,
				94749DC41BBA4D9600BBE227 /* Frameworks */,
				94749DC51BBA4D9600BBE227 /* Resources */,
			);
			buildRules = (
			);
			dependencies = (
				94749DC91BBA4D9600BBE227 /* PBXTargetDependency */,
			);
			name = TabTests;
			productName = TabTests;
			productReference = 94749DC71BBA4D9600BBE227 /* TabTests.xctest */;
			productType = "com.apple.product-type.bundle.unit-test";
		};
		94749DD11BBA4D9600BBE227 /* TabUITests */ = {
			isa = PBXNativeTarget;
			buildConfigurationList = 94749DE11BBA4D9600BBE227 /* Build configuration list for PBXNativeTarget "TabUITests" */;
			buildPhases = (
				94749DCE1BBA4D9600BBE227 /* Sources */,
				94749DCF1BBA4D9600BBE227 /* Frameworks */,
				94749DD01BBA4D9600BBE227 /* Resources */,
			);
			buildRules = (
			);
			dependencies = (
				94749DD41BBA4D9600BBE227 /* PBXTargetDependency */,
			);
			name = TabUITests;
			productName = TabUITests;
			productReference = 94749DD21BBA4D9600BBE227 /* TabUITests.xctest */;
			productType = "com.apple.product-type.bundle.ui-testing";
		};
/* End PBXNativeTarget section */

/* Begin PBXProject section */
		94749DAB1BBA4D9600BBE227 /* Project object */ = {
			isa = PBXProject;
			attributes = {
				LastUpgradeCheck = 0700;
				ORGANIZATIONNAME = ryan;
				TargetAttributes = {
					94749DB21BBA4D9600BBE227 = {
						CreatedOnToolsVersion = 7.0;
					};
					94749DC61BBA4D9600BBE227 = {
						CreatedOnToolsVersion = 7.0;
						TestTargetID = 94749DB21BBA4D9600BBE227;
					};
					94749DD11BBA4D9600BBE227 = {
						CreatedOnToolsVersion = 7.0;
						TestTargetID = 94749DB21BBA4D9600BBE227;
					};
				};
			};
			buildConfigurationList = 94749DAE1BBA4D9600BBE227 /* Build configuration list for PBXProject "Tab" */;
			compatibilityVersion = "Xcode 3.2";
			developmentRegion = English;
			hasScannedForEncodings = 0;
			knownRegions = (
				en,
				Base,
			);
			mainGroup = 94749DAA1BBA4D9600BBE227;
			productRefGroup = 94749DB41BBA4D9600BBE227 /* Products */;
			projectDirPath = "";
			projectRoot = "";
			targets = (
				94749DB21BBA4D9600BBE227 /* Tab */,
				94749DC61BBA4D9600BBE227 /* TabTests */,
				94749DD11BBA4D9600BBE227 /* TabUITests */,
			);
		};
/* End PBXProject section */

/* Begin PBXResourcesBuildPhase section */
		94749DB11BBA4D9600BBE227 /* Resources */ = {
			isa = PBXResourcesBuildPhase;
			buildActionMask = 2147483647;
			files = (
				94749DC11BBA4D9600BBE227 /* LaunchScreen.storyboard in Resources */,
				94749DBE1BBA4D9600BBE227 /* Assets.xcassets in Resources */,
				94749DBC1BBA4D9600BBE227 /* Main.storyboard in Resources */,
			);
			runOnlyForDeploymentPostprocessing = 0;
		};
		94749DC51BBA4D9600BBE227 /* Resources */ = {
			isa = PBXResourcesBuildPhase;
			buildActionMask = 2147483647;
			files = (
			);
			runOnlyForDeploymentPostprocessing = 0;
		};
		94749DD01BBA4D9600BBE227 /* Resources */ = {
			isa = PBXResourcesBuildPhase;
			buildActionMask = 2147483647;
			files = (
			);
			runOnlyForDeploymentPostprocessing = 0;
		};
/* End PBXResourcesBuildPhase section */

/* Begin PBXSourcesBuildPhase section */
		94749DAF1BBA4D9600BBE227 /* Sources */ = {
			isa = PBXSourcesBuildPhase;
			buildActionMask = 2147483647;
			files = (
				94749DB91BBA4D9600BBE227 /* ViewController.swift in Sources */,
				94749DB71BBA4D9600BBE227 /* AppDelegate.swift in Sources */,
			);
			runOnlyForDeploymentPostprocessing = 0;
		};
		94749DC31BBA4D9600BBE227 /* Sources */ = {
			isa = PBXSourcesBuildPhase;
			buildActionMask = 2147483647;
			files = (
				94749DCC1BBA4D9600BBE227 /* TabTests.swift in Sources */,
			);
			runOnlyForDeploymentPostprocessing = 0;
		};
		94749DCE1BBA4D9600BBE227 /* Sources */ = {
			isa = PBXSourcesBuildPhase;
			buildActionMask = 2147483647;
			files = (
				94749DD71BBA4D9600BBE227 /* TabUITests.swift in Sources */,
			);
			runOnlyForDeploymentPostprocessing = 0;
		};
/* End PBXSourcesBuildPhase section */

/* Begin PBXTargetDependency section */
		94749DC91BBA4D9600BBE227 /* PBXTargetDependency */ = {
			isa = PBXTargetDependency;
			target = 94749DB21BBA4D9600BBE227 /* Tab */;
			targetProxy = 94749DC81BBA4D9600BBE227 /* PBXContainerItemProxy */;
		};
		94749DD41BBA4D9600BBE227 /* PBXTargetDependency */ = {
			isa = PBXTargetDependency;
			target = 94749DB21BBA4D9600BBE227 /* Tab */;
			targetProxy = 94749DD31BBA4D9600BBE227 /* PBXContainerItemProxy */;
		};
/* End PBXTargetDependency section */

/* Begin PBXVariantGroup section */
		94749DBA1BBA4D9600BBE227 /* Main.storyboard */ = {
			isa = PBXVariantGroup;
			children = (
				94749DBB1BBA4D9600BBE227 /* Base */,
			);
			name = Main.storyboard;
			sourceTree = "<group>";
		};
		94749DBF1BBA4D9600BBE227 /* LaunchScreen.storyboard */ = {
			isa = PBXVariantGroup;
			children = (
				94749DC01BBA4D9600BBE227 /* Base */,
			);
			name = LaunchScreen.storyboard;
			sourceTree = "<group>";
		};
/* End PBXVariantGroup section */

/* Begin XCBuildConfiguration section */
		94749DD91BBA4D9600BBE227 /* Debug */ = {
			isa = XCBuildConfiguration;
			buildSettings = {
				ALWAYS_SEARCH_USER_PATHS = NO;
				CLANG_CXX_LANGUAGE_STANDARD = "gnu++0x";
				CLANG_CXX_LIBRARY = "libc++";
				CLANG_ENABLE_MODULES = YES;
				CLANG_ENABLE_OBJC_ARC = YES;
				CLANG_WARN_BOOL_CONVERSION = YES;
				CLANG_WARN_CONSTANT_CONVERSION = YES;
				CLANG_WARN_DIRECT_OBJC_ISA_USAGE = YES_ERROR;
				CLANG_WARN_EMPTY_BODY = YES;
				CLANG_WARN_ENUM_CONVERSION = YES;
				CLANG_WARN_INT_CONVERSION = YES;
				CLANG_WARN_OBJC_ROOT_CLASS = YES_ERROR;
				CLANG_WARN_UNREACHABLE_CODE = YES;
				CLANG_WARN__DUPLICATE_METHOD_MATCH = YES;
				"CODE_SIGN_IDENTITY[sdk=iphoneos*]" = "iPhone Developer";
				COPY_PHASE_STRIP = NO;
				DEBUG_INFORMATION_FORMAT = dwarf;
				ENABLE_STRICT_OBJC_MSGSEND = YES;
				ENABLE_TESTABILITY = YES;
				GCC_C_LANGUAGE_STANDARD = gnu99;
				GCC_DYNAMIC_NO_PIC = NO;
				GCC_NO_COMMON_BLOCKS = YES;
				GCC_OPTIMIZATION_LEVEL = 0;
				GCC_PREPROCESSOR_DEFINITIONS = (
					"DEBUG=1",
					"$(inherited)",
				);
				GCC_WARN_64_TO_32_BIT_CONVERSION = YES;
				GCC_WARN_ABOUT_RETURN_TYPE = YES_ERROR;
				GCC_WARN_UNDECLARED_SELECTOR = YES;
				GCC_WARN_UNINITIALIZED_AUTOS = YES_AGGRESSIVE;
				GCC_WARN_UNUSED_FUNCTION = YES;
				GCC_WARN_UNUSED_VARIABLE = YES;
				IPHONEOS_DEPLOYMENT_TARGET = 9.0;
				MTL_ENABLE_DEBUG_INFO = YES;
				ONLY_ACTIVE_ARCH = YES;
				SDKROOT = iphoneos;
				SWIFT_OPTIMIZATION_LEVEL = "-Onone";
			};
			name = Debug;
		};
		94749DDA1BBA4D9600BBE227 /* Release */ = {
			isa = XCBuildConfiguration;
			buildSettings = {
				ALWAYS_SEARCH_USER_PATHS = NO;
				CLANG_CXX_LANGUAGE_STANDARD = "gnu++0x";
				CLANG_CXX_LIBRARY = "libc++";
				CLANG_ENABLE_MODULES = YES;
				CLANG_ENABLE_OBJC_ARC = YES;
				CLANG_WARN_BOOL_CONVERSION = YES;
				CLANG_WARN_CONSTANT_CONVERSION = YES;
				CLANG_WARN_DIRECT_OBJC_ISA_USAGE = YES_ERROR;
				CLANG_WARN_EMPTY_BODY = YES;
				CLANG_WARN_ENUM_CONVERSION = YES;
				CLANG_WARN_INT_CONVERSION = YES;
				CLANG_WARN_OBJC_ROOT_CLASS = YES_ERROR;
				CLANG_WARN_UNREACHABLE_CODE = YES;
				CLANG_WARN__DUPLICATE_METHOD_MATCH = YES;
				"CODE_SIGN_IDENTITY[sdk=iphoneos*]" = "iPhone Developer";
				COPY_PHASE_STRIP = NO;
				DEBUG_INFORMATION_FORMAT = "dwarf-with-dsym";
				ENABLE_NS_ASSERTIONS = NO;
				ENABLE_STRICT_OBJC_MSGSEND = YES;
				GCC_C_LANGUAGE_STANDARD = gnu99;
				GCC_NO_COMMON_BLOCKS = YES;
				GCC_WARN_64_TO_32_BIT_CONVERSION = YES;
				GCC_WARN_ABOUT_RETURN_TYPE = YES_ERROR;
				GCC_WARN_UNDECLARED_SELECTOR = YES;
				GCC_WARN_UNINITIALIZED_AUTOS = YES_AGGRESSIVE;
				GCC_WARN_UNUSED_FUNCTION = YES;
				GCC_WARN_UNUSED_VARIABLE = YES;
				IPHONEOS_DEPLOYMENT_TARGET = 9.0;
				MTL_ENABLE_DEBUG_INFO = NO;
				SDKROOT = iphoneos;
				VALIDATE_PRODUCT = YES;
			};
			name = Release;
		};
		94749DDC1BBA4D9600BBE227 /* Debug */ = {
			isa = XCBuildConfiguration;
			buildSettings = {
				ASSETCATALOG_COMPILER_APPICON_NAME = AppIcon;
				INFOPLIST_FILE = Tab/Info.plist;
				LD_RUNPATH_SEARCH_PATHS = "$(inherited) @executable_path/Frameworks";
				PRODUCT_BUNDLE_IDENTIFIER = com.ryan.Tab;
				PRODUCT_NAME = "$(TARGET_NAME)";
			};
			name = Debug;
		};
		94749DDD1BBA4D9600BBE227 /* Release */ = {
			isa = XCBuildConfiguration;
			buildSettings = {
				ASSETCATALOG_COMPILER_APPICON_NAME = AppIcon;
				INFOPLIST_FILE = Tab/Info.plist;
				LD_RUNPATH_SEARCH_PATHS = "$(inherited) @executable_path/Frameworks";
				PRODUCT_BUNDLE_IDENTIFIER = com.ryan.Tab;
				PRODUCT_NAME = "$(TARGET_NAME)";
			};
			name = Release;
		};
		94749DDF1BBA4D9600BBE227 /* Debug */ = {
			isa = XCBuildConfiguration;
			buildSettings = {
				BUNDLE_LOADER = "$(TEST_HOST)";
				INFOPLIST_FILE = TabTests/Info.plist;
				LD_RUNPATH_SEARCH_PATHS = "$(inherited) @executable_path/Frameworks @loader_path/Frameworks";
				PRODUCT_BUNDLE_IDENTIFIER = com.ryan.TabTests;
				PRODUCT_NAME = "$(TARGET_NAME)";
				TEST_HOST = "$(BUILT_PRODUCTS_DIR)/Tab.app/Tab";
			};
			name = Debug;
		};
		94749DE01BBA4D9600BBE227 /* Release */ = {
			isa = XCBuildConfiguration;
			buildSettings = {
				BUNDLE_LOADER = "$(TEST_HOST)";
				INFOPLIST_FILE = TabTests/Info.plist;
				LD_RUNPATH_SEARCH_PATHS = "$(inherited) @executable_path/Frameworks @loader_path/Frameworks";
				PRODUCT_BUNDLE_IDENTIFIER = com.ryan.TabTests;
				PRODUCT_NAME = "$(TARGET_NAME)";
				TEST_HOST = "$(BUILT_PRODUCTS_DIR)/Tab.app/Tab";
			};
			name = Release;
		};
		94749DE21BBA4D9600BBE227 /* Debug */ = {
			isa = XCBuildConfiguration;
			buildSettings = {
				INFOPLIST_FILE = TabUITests/Info.plist;
				LD_RUNPATH_SEARCH_PATHS = "$(inherited) @executable_path/Frameworks @loader_path/Frameworks";
				PRODUCT_BUNDLE_IDENTIFIER = com.ryan.TabUITests;
				PRODUCT_NAME = "$(TARGET_NAME)";
				TEST_TARGET_NAME = Tab;
				USES_XCTRUNNER = YES;
			};
			name = Debug;
		};
		94749DE31BBA4D9600BBE227 /* Release */ = {
			isa = XCBuildConfiguration;
			buildSettings = {
				INFOPLIST_FILE = TabUITests/Info.plist;
				LD_RUNPATH_SEARCH_PATHS = "$(inherited) @executable_path/Frameworks @loader_path/Frameworks";
				PRODUCT_BUNDLE_IDENTIFIER = com.ryan.TabUITests;
				PRODUCT_NAME = "$(TARGET_NAME)";
				TEST_TARGET_NAME = Tab;
				USES_XCTRUNNER = YES;
			};
			name = Release;
		};
/* End XCBuildConfiguration section */

/* Begin XCConfigurationList section */
		94749DAE1BBA4D9600BBE227 /* Build configuration list for PBXProject "Tab" */ = {
			isa = XCConfigurationList;
			buildConfigurations = (
				94749DD91BBA4D9600BBE227 /* Debug */,
				94749DDA1BBA4D9600BBE227 /* Release */,
			);
			defaultConfigurationIsVisible = 0;
			defaultConfigurationName = Release;
		};
		94749DDB1BBA4D9600BBE227 /* Build configuration list for PBXNativeTarget "Tab" */ = {
			isa = XCConfigurationList;
			buildConfigurations = (
				94749DDC1BBA4D9600BBE227 /* Debug */,
				94749DDD1BBA4D9600BBE227 /* Release */,
			);
			defaultConfigurationIsVisible = 0;
		};
		94749DDE1BBA4D9600BBE227 /* Build configuration list for PBXNativeTarget "TabTests" */ = {
			isa = XCConfigurationList;
			buildConfigurations = (
				94749DDF1BBA4D9600BBE227 /* Debug */,
				94749DE01BBA4D9600BBE227 /* Release */,
			);
			defaultConfigurationIsVisible = 0;
		};
		94749DE11BBA4D9600BBE227 /* Build configuration list for PBXNativeTarget "TabUITests" */ = {
			isa = XCConfigurationList;
			buildConfigurations = (
				94749DE21BBA4D9600BBE227 /* Debug */,
				94749DE31BBA4D9600BBE227 /* Release */,
			);
			defaultConfigurationIsVisible = 0;
		};
/* End XCConfigurationList section */
	};
	rootObject = 94749DAB1BBA4D9600BBE227 /* Project object */;
}
